
Microsoft Visual Studio Solution File, Format Version 11.00
# Visual Studio 2010
Project("{FAE04EC0-301F-11D3-BF4B-00C04F79EFBC}") = "BgApiDriver", "BgApiDriver\BgApiDriver.csproj", "{F7BBFFEF-ABA1-4650-9975-BF24A9FDB34B}"
EndProject
Project("{FAE04EC0-301F-11D3-BF4B-00C04F79EFBC}") = "BgApiDriver.Tests", "BgApiDriver.Tests\BgApiDriver.Tests.csproj", "{D3C96B93-97A3-48CA-9691-B8523E0CDFC2}"
EndProject
Global
	GlobalSection(SolutionConfigurationPlatforms) = preSolution
		Debug|Any CPU = Debug|Any CPU
		Release|Any CPU = Release|Any CPU
	EndGlobalSection
	GlobalSection(ProjectConfigurationPlatforms) = postSolution
		{F7BBFFEF-ABA1-4650-9975-BF24A9FDB34B}.Debug|Any CPU.ActiveCfg = Debug|Any CPU
		{F7BBFFEF-ABA1-4650-9975-BF24A9FDB34B}.Debug|Any CPU.Build.0 = Debug|Any CPU
		{F7BBFFEF-ABA1-4650-9975-BF24A9FDB34B}.Release|Any CPU.ActiveCfg = Release|Any CPU
		{F7BBFFEF-ABA1-4650-9975-BF24A9FDB34B}.Release|Any CPU.Build.0 = Release|Any CPU
		{D3C96B93-97A3-48CA-9691-B8523E0CDFC2}.Debug|Any CPU.ActiveCfg = Debug|Any CPU
		{D3C96B93-97A3-48CA-9691-B8523E0CDFC2}.Debug|Any CPU.Build.0 = Debug|Any CPU
		{D3C96B93-97A3-48CA-9691-B8523E0CDFC2}.Release|Any CPU.ActiveCfg = Release|Any CPU
		{D3C96B93-97A3-48CA-9691-B8523E0CDFC2}.Release|Any CPU.Build.0 = Release|Any CPU
	EndGlobalSection
	GlobalSection(SolutionProperties) = preSolution
		HideSolutionNode = FALSE
	EndGlobalSection
EndGlobal
